
Microsoft Visual Studio Solution File, Format Version 12.00
# Visual Studio 2017
Project("{FAE04EC0-301F-11D3-BF4B-00C04F79EFBC}") = "OmegaMage", "OmegaMage.csproj", "{9CABB1B0-2E35-105A-4CA2-8D181AF682BD}"
EndProject
Global
	GlobalSection(SolutionConfigurationPlatforms) = preSolution
		Debug|Any CPU = Debug|Any CPU
		Release|Any CPU = Release|Any CPU
	EndGlobalSection
	GlobalSection(ProjectConfigurationPlatforms) = postSolution
		{9CABB1B0-2E35-105A-4CA2-8D181AF682BD}.Debug|Any CPU.ActiveCfg = Debug|Any CPU
		{9CABB1B0-2E35-105A-4CA2-8D181AF682BD}.Debug|Any CPU.Build.0 = Debug|Any CPU
		{9CABB1B0-2E35-105A-4CA2-8D181AF682BD}.Release|Any CPU.ActiveCfg = Release|Any CPU
		{9CABB1B0-2E35-105A-4CA2-8D181AF682BD}.Release|Any CPU.Build.0 = Release|Any CPU
	EndGlobalSection
	GlobalSection(SolutionProperties) = preSolution
		HideSolutionNode = FALSE
	EndGlobalSection
EndGlobal
